
Microsoft Visual Studio Solution File, Format Version 12.00
# Visual Studio Version 17
VisualStudioVersion = 17.2.32526.322
MinimumVisualStudioVersion = 10.0.40219.1
Project("{FAE04EC0-301F-11D3-BF4B-00C04F79EFBC}") = "contact tracing 3", "contact tracing 3\contact tracing 3.csproj", "{D08D0BEA-C4FD-4037-8E2F-AB69F06FCCB7}"
EndProject
Global
	GlobalSection(SolutionConfigurationPlatforms) = preSolution
		Debug|Any CPU = Debug|Any CPU
		Release|Any CPU = Release|Any CPU
	EndGlobalSection
	GlobalSection(ProjectConfigurationPlatforms) = postSolution
		{D08D0BEA-C4FD-4037-8E2F-AB69F06FCCB7}.Debug|Any CPU.ActiveCfg = Debug|Any CPU
		{D08D0BEA-C4FD-4037-8E2F-AB69F06FCCB7}.Debug|Any CPU.Build.0 = Debug|Any CPU
		{D08D0BEA-C4FD-4037-8E2F-AB69F06FCCB7}.Release|Any CPU.ActiveCfg = Release|Any CPU
		{D08D0BEA-C4FD-4037-8E2F-AB69F06FCCB7}.Release|Any CPU.Build.0 = Release|Any CPU
	EndGlobalSection
	GlobalSection(SolutionProperties) = preSolution
		HideSolutionNode = FALSE
	EndGlobalSection
	GlobalSection(ExtensibilityGlobals) = postSolution
		SolutionGuid = {C71E7CE7-9DA5-4A89-B3FB-145D4A78115E}
	EndGlobalSection
EndGlobal
